
Microsoft Visual Studio Solution File, Format Version 12.00
# Visual Studio 15
VisualStudioVersion = 15.0.26124.0
MinimumVisualStudioVersion = 15.0.26124.0
Project("{2150E333-8FDC-42A3-9474-1A3956D46DE8}") = "src", "src", "{11A82D6E-5C6E-4C6C-8D1E-26ED2F553C80}"
EndProject
Project("{FAE04EC0-301F-11D3-BF4B-00C04F79EFBC}") = "IdentityServer", "src\IdentityServer\IdentityServer.csproj", "{143B7FC2-20BB-48E0-B863-821C213054D4}"
EndProject
Project("{FAE04EC0-301F-11D3-BF4B-00C04F79EFBC}") = "Api", "src\Api\Api.csproj", "{47D63253-626F-4B88-BB52-D9ECE6017E1F}"
EndProject
Project("{FAE04EC0-301F-11D3-BF4B-00C04F79EFBC}") = "Client", "src\Client\Client.csproj", "{10A75F09-D03A-43B5-A92C-3610C7E5FAC5}"
EndProject
Project("{FAE04EC0-301F-11D3-BF4B-00C04F79EFBC}") = "MvcClient", "src\MvcClient\MvcClient.csproj", "{2F79C6CF-9304-4395-B6A6-5FFFAD9C4429}"
EndProject
Global
	GlobalSection(SolutionConfigurationPlatforms) = preSolution
		Debug|Any CPU = Debug|Any CPU
		Debug|x64 = Debug|x64
		Debug|x86 = Debug|x86
		Release|Any CPU = Release|Any CPU
		Release|x64 = Release|x64
		Release|x86 = Release|x86
	EndGlobalSection
	GlobalSection(SolutionProperties) = preSolution
		HideSolutionNode = FALSE
	EndGlobalSection
	GlobalSection(ProjectConfigurationPlatforms) = postSolution
		{143B7FC2-20BB-48E0-B863-821C213054D4}.Debug|Any CPU.ActiveCfg = Debug|Any CPU
		{143B7FC2-20BB-48E0-B863-821C213054D4}.Debug|Any CPU.Build.0 = Debug|Any CPU
		{143B7FC2-20BB-48E0-B863-821C213054D4}.Debug|x64.ActiveCfg = Debug|Any CPU
		{143B7FC2-20BB-48E0-B863-821C213054D4}.Debug|x64.Build.0 = Debug|Any CPU
		{143B7FC2-20BB-48E0-B863-821C213054D4}.Debug|x86.ActiveCfg = Debug|Any CPU
		{143B7FC2-20BB-48E0-B863-821C213054D4}.Debug|x86.Build.0 = Debug|Any CPU
		{143B7FC2-20BB-48E0-B863-821C213054D4}.Release|Any CPU.ActiveCfg = Release|Any CPU
		{143B7FC2-20BB-48E0-B863-821C213054D4}.Release|Any CPU.Build.0 = Release|Any CPU
		{143B7FC2-20BB-48E0-B863-821C213054D4}.Release|x64.ActiveCfg = Release|Any CPU
		{143B7FC2-20BB-48E0-B863-821C213054D4}.Release|x64.Build.0 = Release|Any CPU
		{143B7FC2-20BB-48E0-B863-821C213054D4}.Release|x86.ActiveCfg = Release|Any CPU
		{143B7FC2-20BB-48E0-B863-821C213054D4}.Release|x86.Build.0 = Release|Any CPU
		{47D63253-626F-4B88-BB52-D9ECE6017E1F}.Debug|Any CPU.ActiveCfg = Debug|Any CPU
		{47D63253-626F-4B88-BB52-D9ECE6017E1F}.Debug|Any CPU.Build.0 = Debug|Any CPU
		{47D63253-626F-4B88-BB52-D9ECE6017E1F}.Debug|x64.ActiveCfg = Debug|Any CPU
		{47D63253-626F-4B88-BB52-D9ECE6017E1F}.Debug|x64.Build.0 = Debug|Any CPU
		{47D63253-626F-4B88-BB52-D9ECE6017E1F}.Debug|x86.ActiveCfg = Debug|Any CPU
		{47D63253-626F-4B88-BB52-D9ECE6017E1F}.Debug|x86.Build.0 = Debug|Any CPU
		{47D63253-626F-4B88-BB52-D9ECE6017E1F}.Release|Any CPU.ActiveCfg = Release|Any CPU
		{47D63253-626F-4B88-BB52-D9ECE6017E1F}.Release|Any CPU.Build.0 = Release|Any CPU
		{47D63253-626F-4B88-BB52-D9ECE6017E1F}.Release|x64.ActiveCfg = Release|Any CPU
		{47D63253-626F-4B88-BB52-D9ECE6017E1F}.Release|x64.Build.0 = Release|Any CPU
		{47D63253-626F-4B88-BB52-D9ECE6017E1F}.Release|x86.ActiveCfg = Release|Any CPU
		{47D63253-626F-4B88-BB52-D9ECE6017E1F}.Release|x86.Build.0 = Release|Any CPU
		{10A75F09-D03A-43B5-A92C-3610C7E5FAC5}.Debug|Any CPU.ActiveCfg = Debug|Any CPU
		{10A75F09-D03A-43B5-A92C-3610C7E5FAC5}.Debug|Any CPU.Build.0 = Debug|Any CPU
		{10A75F09-D03A-43B5-A92C-3610C7E5FAC5}.Debug|x64.ActiveCfg = Debug|Any CPU
		{10A75F09-D03A-43B5-A92C-3610C7E5FAC5}.Debug|x64.Build.0 = Debug|Any CPU
		{10A75F09-D03A-43B5-A92C-3610C7E5FAC5}.Debug|x86.ActiveCfg = Debug|Any CPU
		{10A75F09-D03A-43B5-A92C-3610C7E5FAC5}.Debug|x86.Build.0 = Debug|Any CPU
		{10A75F09-D03A-43B5-A92C-3610C7E5FAC5}.Release|Any CPU.ActiveCfg = Release|Any CPU
		{10A75F09-D03A-43B5-A92C-3610C7E5FAC5}.Release|Any CPU.Build.0 = Release|Any CPU
		{10A75F09-D03A-43B5-A92C-3610C7E5FAC5}.Release|x64.ActiveCfg = Release|Any CPU
		{10A75F09-D03A-43B5-A92C-3610C7E5FAC5}.Release|x64.Build.0 = Release|Any CPU
		{10A75F09-D03A-43B5-A92C-3610C7E5FAC5}.Release|x86.ActiveCfg = Release|Any CPU
		{10A75F09-D03A-43B5-A92C-3610C7E5FAC5}.Release|x86.Build.0 = Release|Any CPU
		{2F79C6CF-9304-4395-B6A6-5FFFAD9C4429}.Debug|Any CPU.ActiveCfg = Debug|Any CPU
		{2F79C6CF-9304-4395-B6A6-5FFFAD9C4429}.Debug|Any CPU.Build.0 = Debug|Any CPU
		{2F79C6CF-9304-4395-B6A6-5FFFAD9C4429}.Debug|x64.ActiveCfg = Debug|Any CPU
		{2F79C6CF-9304-4395-B6A6-5FFFAD9C4429}.Debug|x64.Build.0 = Debug|Any CPU
		{2F79C6CF-9304-4395-B6A6-5FFFAD9C4429}.Debug|x86.ActiveCfg = Debug|Any CPU
		{2F79C6CF-9304-4395-B6A6-5FFFAD9C4429}.Debug|x86.Build.0 = Debug|Any CPU
		{2F79C6CF-9304-4395-B6A6-5FFFAD9C4429}.Release|Any CPU.ActiveCfg = Release|Any CPU
		{2F79C6CF-9304-4395-B6A6-5FFFAD9C4429}.Release|Any CPU.Build.0 = Release|Any CPU
		{2F79C6CF-9304-4395-B6A6-5FFFAD9C4429}.Release|x64.ActiveCfg = Release|Any CPU
		{2F79C6CF-9304-4395-B6A6-5FFFAD9C4429}.Release|x64.Build.0 = Release|Any CPU
		{2F79C6CF-9304-4395-B6A6-5FFFAD9C4429}.Release|x86.ActiveCfg = Release|Any CPU
		{2F79C6CF-9304-4395-B6A6-5FFFAD9C4429}.Release|x86.Build.0 = Release|Any CPU
	EndGlobalSection
	GlobalSection(NestedProjects) = preSolution
		{143B7FC2-20BB-48E0-B863-821C213054D4} = {11A82D6E-5C6E-4C6C-8D1E-26ED2F553C80}
		{47D63253-626F-4B88-BB52-D9ECE6017E1F} = {11A82D6E-5C6E-4C6C-8D1E-26ED2F553C80}
		{10A75F09-D03A-43B5-A92C-3610C7E5FAC5} = {11A82D6E-5C6E-4C6C-8D1E-26ED2F553C80}
		{2F79C6CF-9304-4395-B6A6-5FFFAD9C4429} = {11A82D6E-5C6E-4C6C-8D1E-26ED2F553C80}
	EndGlobalSection
EndGlobal
